
Microsoft Visual Studio Solution File, Format Version 12.00
# Visual Studio Version 16
VisualStudioVersion = 16.0.30503.244
MinimumVisualStudioVersion = 10.0.40219.1
Project("{FAE04EC0-301F-11D3-BF4B-00C04F79EFBC}") = "WpfTest", "WpfTest\WpfTest.csproj", "{17E562CC-24B0-4D4B-A1EB-8B4827FA92C3}"
EndProject
Global
	GlobalSection(SolutionConfigurationPlatforms) = preSolution
		Debug|Any CPU = Debug|Any CPU
		Release|Any CPU = Release|Any CPU
	EndGlobalSection
	GlobalSection(ProjectConfigurationPlatforms) = postSolution
		{17E562CC-24B0-4D4B-A1EB-8B4827FA92C3}.Debug|Any CPU.ActiveCfg = Debug|Any CPU
		{17E562CC-24B0-4D4B-A1EB-8B4827FA92C3}.Debug|Any CPU.Build.0 = Debug|Any CPU
		{17E562CC-24B0-4D4B-A1EB-8B4827FA92C3}.Release|Any CPU.ActiveCfg = Release|Any CPU
		{17E562CC-24B0-4D4B-A1EB-8B4827FA92C3}.Release|Any CPU.Build.0 = Release|Any CPU
	EndGlobalSection
	GlobalSection(SolutionProperties) = preSolution
		HideSolutionNode = FALSE
	EndGlobalSection
	GlobalSection(ExtensibilityGlobals) = postSolution
		SolutionGuid = {A472747D-7A75-4237-9269-CABFF4082B07}
	EndGlobalSection
EndGlobal
